
Microsoft Visual Studio Solution File, Format Version 12.00
Project("{FAE04EC0-301F-11D3-BF4B-00C04F79EFBC}") = "protohackers", "protohackers.csproj", "{ACF80497-529E-4968-9F25-0EF1FC09111E}"
EndProject
Global
	GlobalSection(SolutionConfigurationPlatforms) = preSolution
		Debug|Any CPU = Debug|Any CPU
		Release|Any CPU = Release|Any CPU
	EndGlobalSection
	GlobalSection(ProjectConfigurationPlatforms) = postSolution
		{ACF80497-529E-4968-9F25-0EF1FC09111E}.Debug|Any CPU.ActiveCfg = Debug|Any CPU
		{ACF80497-529E-4968-9F25-0EF1FC09111E}.Debug|Any CPU.Build.0 = Debug|Any CPU
		{ACF80497-529E-4968-9F25-0EF1FC09111E}.Release|Any CPU.ActiveCfg = Release|Any CPU
		{ACF80497-529E-4968-9F25-0EF1FC09111E}.Release|Any CPU.Build.0 = Release|Any CPU
	EndGlobalSection
EndGlobal
